lockfileVersion: '9.0'

settings:
  autoInstallPeers: true
  excludeLinksFromLockfile: false

importers:

  .:
    devDependencies:
      '@biomejs/biome':
        specifier: ^1.9.3
        version: 1.9.3
      lefthook:
        specifier: ^1.7.18
        version: 1.7.18

packages:

  '@biomejs/biome@1.9.3':
    resolution: {integrity: sha512-POjAPz0APAmX33WOQFGQrwLvlu7WLV4CFJMlB12b6ZSg+2q6fYu9kZwLCOA+x83zXfcPd1RpuWOKJW0GbBwLIQ==}
    engines: {node: '>=14.21.3'}
    hasBin: true

  '@biomejs/cli-darwin-arm64@1.9.3':
    resolution: {integrity: sha512-QZzD2XrjJDUyIZK+aR2i5DDxCJfdwiYbUKu9GzkCUJpL78uSelAHAPy7m0GuPMVtF/Uo+OKv97W3P9nuWZangQ==}
    engines: {node: '>=14.21.3'}
    cpu: [arm64]
    os: [darwin]

  '@biomejs/cli-darwin-x64@1.9.3':
    resolution: {integrity: sha512-vSCoIBJE0BN3SWDFuAY/tRavpUtNoqiceJ5PrU3xDfsLcm/U6N93JSM0M9OAiC/X7mPPfejtr6Yc9vSgWlEgVw==}
    engines: {node: '>=14.21.3'}
    cpu: [x64]
    os: [darwin]

  '@biomejs/cli-linux-arm64-musl@1.9.3':
    resolution: {integrity: sha512-VBzyhaqqqwP3bAkkBrhVq50i3Uj9+RWuj+pYmXrMDgjS5+SKYGE56BwNw4l8hR3SmYbLSbEo15GcV043CDSk+Q==}
    engines: {node: '>=14.21.3'}
    cpu: [arm64]
    os: [linux]

  '@biomejs/cli-linux-arm64@1.9.3':
    resolution: {integrity: sha512-vJkAimD2+sVviNTbaWOGqEBy31cW0ZB52KtpVIbkuma7PlfII3tsLhFa+cwbRAcRBkobBBhqZ06hXoZAN8NODQ==}
    engines: {node: '>=14.21.3'}
    cpu: [arm64]
    os: [linux]

  '@biomejs/cli-linux-x64-musl@1.9.3':
    resolution: {integrity: sha512-TJmnOG2+NOGM72mlczEsNki9UT+XAsMFAOo8J0me/N47EJ/vkLXxf481evfHLlxMejTY6IN8SdRSiPVLv6AHlA==}
    engines: {node: '>=14.21.3'}
    cpu: [x64]
    os: [linux]

  '@biomejs/cli-linux-x64@1.9.3':
    resolution: {integrity: sha512-x220V4c+romd26Mu1ptU+EudMXVS4xmzKxPVb9mgnfYlN4Yx9vD5NZraSx/onJnd3Gh/y8iPUdU5CDZJKg9COA==}
    engines: {node: '>=14.21.3'}
    cpu: [x64]
    os: [linux]

  '@biomejs/cli-win32-arm64@1.9.3':
    resolution: {integrity: sha512-lg/yZis2HdQGsycUvHWSzo9kOvnGgvtrYRgoCEwPBwwAL8/6crOp3+f47tPwI/LI1dZrhSji7PNsGKGHbwyAhw==}
    engines: {node: '>=14.21.3'}
    cpu: [arm64]
    os: [win32]

  '@biomejs/cli-win32-x64@1.9.3':
    resolution: {integrity: sha512-cQMy2zanBkVLpmmxXdK6YePzmZx0s5Z7KEnwmrW54rcXK3myCNbQa09SwGZ8i/8sLw0H9F3X7K4rxVNGU8/D4Q==}
    engines: {node: '>=14.21.3'}
    cpu: [x64]
    os: [win32]

  lefthook-darwin-arm64@1.7.18:
    resolution: {integrity: sha512-jZgg+TSUINNWEJU2yGybTkW4qCVzGjtATnwJXsOJrM20IFWGy3NKdJG1S8Oha//5FmjcBOUY+gnXGxsWYkAesg==}
    cpu: [arm64]
    os: [darwin]

  lefthook-darwin-x64@1.7.18:
    resolution: {integrity: sha512-bEWaPmG4oB2YVW46sicBV6oB3ynC0ai+q+UuTwClWNcQ7aZivZcxRGDA4KmsldAGgmLls2bL0oRVwg2t3axnfA==}
    cpu: [x64]
    os: [darwin]

  lefthook-freebsd-arm64@1.7.18:
    resolution: {integrity: sha512-XWYpQGSkcKMye0OfXd9VkVQnccKJ5Vue04fDNvVFypFTTXJSwtCNfRF/RGGZ9KXmEz4U/m6JPRMjj4o//lmtzQ==}
    cpu: [arm64]
    os: [freebsd]

  lefthook-freebsd-x64@1.7.18:
    resolution: {integrity: sha512-EJ3oaQXi0DUXQP0FPiCcxZI3UqR27xt/0MEfwztKnfFIF6toNvUkmD+AgTp0SUOGMvquGEPDN2Fh1eWqNUyZ7Q==}
    cpu: [x64]
    os: [freebsd]

  lefthook-linux-arm64@1.7.18:
    resolution: {integrity: sha512-V8TMOtMvDUT5gXUqE7IPs1fT3esGfy/BPm9+UR3odzbkP+MRSOo049H2C2PDCIQylsRciMVU27QM6b4tfLvZRw==}
    cpu: [arm64]
    os: [linux]

  lefthook-linux-x64@1.7.18:
    resolution: {integrity: sha512-Cw0StKxQTucrUvIT80ZDOdUdcM44u9mhBCFg4JoiLfVhd30yiLfgoPijIAgHRIluBgTRfWFC3wxWM5zbszSD2w==}
    cpu: [x64]
    os: [linux]

  lefthook-openbsd-arm64@1.7.18:
    resolution: {integrity: sha512-DGSpivaJUVl/uTnyZzkL11vpJGv4/wl6ETAkwKz09hyvES1mbcnG8nnVmELbdwL+qnRkWvu5YRcYgNFK4JmSlg==}
    cpu: [arm64]
    os: [openbsd]

  lefthook-openbsd-x64@1.7.18:
    resolution: {integrity: sha512-c1hfPxCXjqmm1bp7o03cD99noQ5Rbno0I05xO3h2GlQfUxXxixpWuoz/uWW9pBzuTp46vgv4kxc7/1kIoJwjtQ==}
    cpu: [x64]
    os: [openbsd]

  lefthook-windows-arm64@1.7.18:
    resolution: {integrity: sha512-1rPf98E31HbzEflfBrKyE0NQD9iLCE1RVJb7hTH1snakm0tDdeAGMowFwtvMV1bkYwwv4yIzEam8xa4IzJ7wLw==}
    cpu: [arm64]
    os: [win32]

  lefthook-windows-x64@1.7.18:
    resolution: {integrity: sha512-wthEG+aWPmJcEF4FZoabtMbZCLCJJ2ynIPyh8tiqnLoauQaAvaYOQuOEUK1gwhVOiducaOmP6A0MWGX35jA9mw==}
    cpu: [x64]
    os: [win32]

  lefthook@1.7.18:
    resolution: {integrity: sha512-CB2cf/BgSA5kKwGZ4cZyPL/sr99a+t5exH+LJMuFfQyN6B6MkC1YtibpTc/T3HJyzk1oY4HgqalkNB3/cXRU5w==}
    hasBin: true

snapshots:

  '@biomejs/biome@1.9.3':
    optionalDependencies:
      '@biomejs/cli-darwin-arm64': 1.9.3
      '@biomejs/cli-darwin-x64': 1.9.3
      '@biomejs/cli-linux-arm64': 1.9.3
      '@biomejs/cli-linux-arm64-musl': 1.9.3
      '@biomejs/cli-linux-x64': 1.9.3
      '@biomejs/cli-linux-x64-musl': 1.9.3
      '@biomejs/cli-win32-arm64': 1.9.3
      '@biomejs/cli-win32-x64': 1.9.3

  '@biomejs/cli-darwin-arm64@1.9.3':
    optional: true

  '@biomejs/cli-darwin-x64@1.9.3':
    optional: true

  '@biomejs/cli-linux-arm64-musl@1.9.3':
    optional: true

  '@biomejs/cli-linux-arm64@1.9.3':
    optional: true

  '@biomejs/cli-linux-x64-musl@1.9.3':
    optional: true

  '@biomejs/cli-linux-x64@1.9.3':
    optional: true

  '@biomejs/cli-win32-arm64@1.9.3':
    optional: true

  '@biomejs/cli-win32-x64@1.9.3':
    optional: true

  lefthook-darwin-arm64@1.7.18:
    optional: true

  lefthook-darwin-x64@1.7.18:
    optional: true

  lefthook-freebsd-arm64@1.7.18:
    optional: true

  lefthook-freebsd-x64@1.7.18:
    optional: true

  lefthook-linux-arm64@1.7.18:
    optional: true

  lefthook-linux-x64@1.7.18:
    optional: true

  lefthook-openbsd-arm64@1.7.18:
    optional: true

  lefthook-openbsd-x64@1.7.18:
    optional: true

  lefthook-windows-arm64@1.7.18:
    optional: true

  lefthook-windows-x64@1.7.18:
    optional: true

  lefthook@1.7.18:
    optionalDependencies:
      lefthook-darwin-arm64: 1.7.18
      lefthook-darwin-x64: 1.7.18
      lefthook-freebsd-arm64: 1.7.18
      lefthook-freebsd-x64: 1.7.18
      lefthook-linux-arm64: 1.7.18
      lefthook-linux-x64: 1.7.18
      lefthook-openbsd-arm64: 1.7.18
      lefthook-openbsd-x64: 1.7.18
      lefthook-windows-arm64: 1.7.18
      lefthook-windows-x64: 1.7.18
